
Microsoft Visual Studio Solution File, Format Version 12.00
# Visual Studio Version 17
VisualStudioVersion = 17.11.35327.3
MinimumVisualStudioVersion = 10.0.40219.1
Project("{8BC9CEB8-8B4A-11D0-8D11-00A0C91BC942}") = "lw-2", "lw-2\lw-2.vcxproj", "{FB2A854A-658C-40C0-851E-C2D6352AEB97}"
EndProject
Project("{8BC9CEB8-8B4A-11D0-8D11-00A0C91BC942}") = "UnitTests", "UnitTests\UnitTests.vcxproj", "{28A089F9-EC90-45CA-BC03-C9E9474259C8}"
EndProject
Global
	GlobalSection(SolutionConfigurationPlatforms) = preSolution
		Debug|x64 = Debug|x64
		Debug|x86 = Debug|x86
		Release|x64 = Release|x64
		Release|x86 = Release|x86
	EndGlobalSection
	GlobalSection(ProjectConfigurationPlatforms) = postSolution
		{FB2A854A-658C-40C0-851E-C2D6352AEB97}.Debug|x64.ActiveCfg = Debug|x64
		{FB2A854A-658C-40C0-851E-C2D6352AEB97}.Debug|x64.Build.0 = Debug|x64
		{FB2A854A-658C-40C0-851E-C2D6352AEB97}.Debug|x86.ActiveCfg = Debug|Win32
		{FB2A854A-658C-40C0-851E-C2D6352AEB97}.Debug|x86.Build.0 = Debug|Win32
		{FB2A854A-658C-40C0-851E-C2D6352AEB97}.Release|x64.ActiveCfg = Release|x64
		{FB2A854A-658C-40C0-851E-C2D6352AEB97}.Release|x64.Build.0 = Release|x64
		{FB2A854A-658C-40C0-851E-C2D6352AEB97}.Release|x86.ActiveCfg = Release|Win32
		{FB2A854A-658C-40C0-851E-C2D6352AEB97}.Release|x86.Build.0 = Release|Win32
		{28A089F9-EC90-45CA-BC03-C9E9474259C8}.Debug|x64.ActiveCfg = Debug|x64
		{28A089F9-EC90-45CA-BC03-C9E9474259C8}.Debug|x64.Build.0 = Debug|x64
		{28A089F9-EC90-45CA-BC03-C9E9474259C8}.Debug|x86.ActiveCfg = Debug|Win32
		{28A089F9-EC90-45CA-BC03-C9E9474259C8}.Debug|x86.Build.0 = Debug|Win32
		{28A089F9-EC90-45CA-BC03-C9E9474259C8}.Release|x64.ActiveCfg = Release|x64
		{28A089F9-EC90-45CA-BC03-C9E9474259C8}.Release|x64.Build.0 = Release|x64
		{28A089F9-EC90-45CA-BC03-C9E9474259C8}.Release|x86.ActiveCfg = Release|Win32
		{28A089F9-EC90-45CA-BC03-C9E9474259C8}.Release|x86.Build.0 = Release|Win32
	EndGlobalSection
	GlobalSection(SolutionProperties) = preSolution
		HideSolutionNode = FALSE
	EndGlobalSection
	GlobalSection(ExtensibilityGlobals) = postSolution
		SolutionGuid = {98D42A07-62AC-4B27-AA25-38FA71FE8B52}
	EndGlobalSection
EndGlobal
